
Microsoft Visual Studio Solution File, Format Version 12.00
# Visual Studio Version 17
VisualStudioVersion = 17.6.33829.357
MinimumVisualStudioVersion = 10.0.40219.1
Project("{FAE04EC0-301F-11D3-BF4B-00C04F79EFBC}") = "CronJobApi", "CronJobApi.csproj", "{0E47B3D2-E0E3-46ED-93A6-4671F9DF3370}"
EndProject
Global
	GlobalSection(SolutionConfigurationPlatforms) = preSolution
		Debug|Any CPU = Debug|Any CPU
		Release|Any CPU = Release|Any CPU
	EndGlobalSection
	GlobalSection(ProjectConfigurationPlatforms) = postSolution
		{0E47B3D2-E0E3-46ED-93A6-4671F9DF3370}.Debug|Any CPU.ActiveCfg = Debug|Any CPU
		{0E47B3D2-E0E3-46ED-93A6-4671F9DF3370}.Debug|Any CPU.Build.0 = Debug|Any CPU
		{0E47B3D2-E0E3-46ED-93A6-4671F9DF3370}.Release|Any CPU.ActiveCfg = Release|Any CPU
		{0E47B3D2-E0E3-46ED-93A6-4671F9DF3370}.Release|Any CPU.Build.0 = Release|Any CPU
	EndGlobalSection
	GlobalSection(SolutionProperties) = preSolution
		HideSolutionNode = FALSE
	EndGlobalSection
	GlobalSection(ExtensibilityGlobals) = postSolution
		SolutionGuid = {CAD7C954-9158-4BCD-8E94-E1462F026D41}
	EndGlobalSection
EndGlobal
